
Microsoft Visual Studio Solution File, Format Version 12.00
# Visual Studio Version 16
VisualStudioVersion = 16.0.31019.35
MinimumVisualStudioVersion = 10.0.40219.1
Project("{FAE04EC0-301F-11D3-BF4B-00C04F79EFBC}") = "LearningCurve112", "LearningCurve112\LearningCurve112.csproj", "{45FE23BD-09FF-42D9-B394-BEEA9B4C2247}"
EndProject
Global
	GlobalSection(SolutionConfigurationPlatforms) = preSolution
		Debug|Any CPU = Debug|Any CPU
		Release|Any CPU = Release|Any CPU
	EndGlobalSection
	GlobalSection(ProjectConfigurationPlatforms) = postSolution
		{45FE23BD-09FF-42D9-B394-BEEA9B4C2247}.Debug|Any CPU.ActiveCfg = Debug|Any CPU
		{45FE23BD-09FF-42D9-B394-BEEA9B4C2247}.Debug|Any CPU.Build.0 = Debug|Any CPU
		{45FE23BD-09FF-42D9-B394-BEEA9B4C2247}.Release|Any CPU.ActiveCfg = Release|Any CPU
		{45FE23BD-09FF-42D9-B394-BEEA9B4C2247}.Release|Any CPU.Build.0 = Release|Any CPU
	EndGlobalSection
	GlobalSection(SolutionProperties) = preSolution
		HideSolutionNode = FALSE
	EndGlobalSection
	GlobalSection(ExtensibilityGlobals) = postSolution
		SolutionGuid = {E76FD056-98FB-4C11-87AA-11EE28CD5497}
	EndGlobalSection
EndGlobal
